
Microsoft Visual Studio Solution File, Format Version 12.00
# Visual Studio 15
VisualStudioVersion = 15.0.28307.1267
MinimumVisualStudioVersion = 10.0.40219.1
Project("{FAE04EC0-301F-11D3-BF4B-00C04F79EFBC}") = "Educational_Program", "Educational_Program\Educational_Program.csproj", "{9B51759A-6CE3-421D-9C5D-CF7D8CFE3530}"
EndProject
Global
	GlobalSection(SolutionConfigurationPlatforms) = preSolution
		Debug|Any CPU = Debug|Any CPU
		Release|Any CPU = Release|Any CPU
	EndGlobalSection
	GlobalSection(ProjectConfigurationPlatforms) = postSolution
		{9B51759A-6CE3-421D-9C5D-CF7D8CFE3530}.Debug|Any CPU.ActiveCfg = Debug|Any CPU
		{9B51759A-6CE3-421D-9C5D-CF7D8CFE3530}.Debug|Any CPU.Build.0 = Debug|Any CPU
		{9B51759A-6CE3-421D-9C5D-CF7D8CFE3530}.Release|Any CPU.ActiveCfg = Release|Any CPU
		{9B51759A-6CE3-421D-9C5D-CF7D8CFE3530}.Release|Any CPU.Build.0 = Release|Any CPU
	EndGlobalSection
	GlobalSection(SolutionProperties) = preSolution
		HideSolutionNode = FALSE
	EndGlobalSection
	GlobalSection(ExtensibilityGlobals) = postSolution
		SolutionGuid = {ECB3AA1A-A5F4-4A30-999F-B8E989324835}
	EndGlobalSection
EndGlobal
